
Microsoft Visual Studio Solution File, Format Version 12.00
Project("{FAE04EC0-301F-11D3-BF4B-00C04F79EFBC}") = "ZooLibrary", "ZooLibrary\ZooLibrary.csproj", "{A2BE286A-F0D2-47D9-AAC1-30ED11A234EF}"
EndProject
Project("{FAE04EC0-301F-11D3-BF4B-00C04F79EFBC}") = "ZooConsoleApp", "ZooConsoleApp\ZooConsoleApp.csproj", "{694E0D4C-9891-4CCB-B6B6-EF3173064D21}"
EndProject
Project("{FAE04EC0-301F-11D3-BF4B-00C04F79EFBC}") = "ZooLibrary.Test", "ZooLibrary.Test\ZooLibrary.Test.csproj", "{33B73A36-B506-4287-8DB5-D1F1037A628F}"
EndProject
Global
	GlobalSection(SolutionConfigurationPlatforms) = preSolution
		Debug|Any CPU = Debug|Any CPU
		Release|Any CPU = Release|Any CPU
	EndGlobalSection
	GlobalSection(ProjectConfigurationPlatforms) = postSolution
		{A2BE286A-F0D2-47D9-AAC1-30ED11A234EF}.Debug|Any CPU.ActiveCfg = Debug|Any CPU
		{A2BE286A-F0D2-47D9-AAC1-30ED11A234EF}.Debug|Any CPU.Build.0 = Debug|Any CPU
		{A2BE286A-F0D2-47D9-AAC1-30ED11A234EF}.Release|Any CPU.ActiveCfg = Release|Any CPU
		{A2BE286A-F0D2-47D9-AAC1-30ED11A234EF}.Release|Any CPU.Build.0 = Release|Any CPU
		{694E0D4C-9891-4CCB-B6B6-EF3173064D21}.Debug|Any CPU.ActiveCfg = Debug|Any CPU
		{694E0D4C-9891-4CCB-B6B6-EF3173064D21}.Debug|Any CPU.Build.0 = Debug|Any CPU
		{694E0D4C-9891-4CCB-B6B6-EF3173064D21}.Release|Any CPU.ActiveCfg = Release|Any CPU
		{694E0D4C-9891-4CCB-B6B6-EF3173064D21}.Release|Any CPU.Build.0 = Release|Any CPU
		{33B73A36-B506-4287-8DB5-D1F1037A628F}.Debug|Any CPU.ActiveCfg = Debug|Any CPU
		{33B73A36-B506-4287-8DB5-D1F1037A628F}.Debug|Any CPU.Build.0 = Debug|Any CPU
		{33B73A36-B506-4287-8DB5-D1F1037A628F}.Release|Any CPU.ActiveCfg = Release|Any CPU
		{33B73A36-B506-4287-8DB5-D1F1037A628F}.Release|Any CPU.Build.0 = Release|Any CPU
	EndGlobalSection
EndGlobal
